// !$*UTF8*$!
{
	archiveVersion = 1;
	classes = {
	};
	objectVersion = 46;
	objects = {

/* Begin PBXFileReference section */
		6EF54CD81CE0532F008C608D /* dicewareList.csv */ = {isa = PBXFileReference; lastKnownFileType = text; path = dicewareList.csv; sourceTree = "<group>"; };
/* End PBXFileReference section */

/* Begin PBXGroup section */
		6EF54CD11CE05245008C608D = {
			isa = PBXGroup;
			children = (
				6EF54CD81CE0532F008C608D /* dicewareList.csv */,
			);
			sourceTree = "<group>";
		};
/* End PBXGroup section */

/* Begin PBXProject section */
		6EF54CD21CE05245008C608D /* Project object */ = {
			isa = PBXProject;
			attributes = {
				LastUpgradeCheck = 0730;
			};
			buildConfigurationList = 6EF54CD51CE05245008C608D /* Build configuration list for PBXProject "diceware" */;
			compatibilityVersion = "Xcode 3.2";
			developmentRegion = English;
			hasScannedForEncodings = 0;
			knownRegions = (
				en,
			);
			mainGroup = 6EF54CD11CE05245008C608D;
			projectDirPath = "";
			projectRoot = "";
			targets = (
			);
		};
/* End PBXProject section */

/* Begin XCBuildConfiguration section */
		6EF54CD61CE05245008C608D /* Debug */ = {
			isa = XCBuildConfiguration;
			buildSettings = {
			};
			name = Debug;
		};
		6EF54CD71CE05245008C608D /* Release */ = {
			isa = XCBuildConfiguration;
			buildSettings = {
			};
			name = Release;
		};
/* End XCBuildConfiguration section */

/* Begin XCConfigurationList section */
		6EF54CD51CE05245008C608D /* Build configuration list for PBXProject "diceware" */ = {
			isa = XCConfigurationList;
			buildConfigurations = (
				6EF54CD61CE05245008C608D /* Debug */,
				6EF54CD71CE05245008C608D /* Release */,
			);
			defaultConfigurationIsVisible = 0;
			defaultConfigurationName = Release;
		};
/* End XCConfigurationList section */
	};
	rootObject = 6EF54CD21CE05245008C608D /* Project object */;
}
